{
  "name": "sui-nft",
  "version": "1.0.0",
  "lockfileVersion": 3,
  "requires": true,
  "packages": {
    "": {
      "name": "sui-nft",
      "version": "1.0.0",
      "license": "ISC",
      "dependencies": {
        "@mysten/sui": "^1.0.3",
        "@mysten/sui.js": "^0.26.1"
      }
    },
    "node_modules/@0no-co/graphql.web": {
      "version": "1.0.7",
      "resolved": "https://registry.npmjs.org/@0no-co/graphql.web/-/graphql.web-1.0.7.tgz",
      "integrity": "sha512-E3Qku4mTzdrlwVWGPxklDnME5ANrEGetvYw4i2GCRlppWXXE4QD66j7pwb8HelZwS6LnqEChhrSOGCXpbiu6MQ==",
      "peerDependencies": {
        "graphql": "^14.0.0 || ^15.0.0 || ^16.0.0"
      },
      "peerDependenciesMeta": {
        "graphql": {
          "optional": true
        }
      }
    },
    "node_modules/@0no-co/graphqlsp": {
      "version": "1.12.5",
      "resolved": "https://registry.npmjs.org/@0no-co/graphqlsp/-/graphqlsp-1.12.5.tgz",
      "integrity": "sha512-YS9s8sf3XLaVdBt33u1mbUdfUSLiarQW1SFd3ITh2CLWz1nVnVTN0oCrpepuFHUJ7rt+b6Gk14sgjP4ONdeZfQ==",
      "dependencies": {
        "@gql.tada/internal": "^1.0.0",
        "graphql": "^15.5.0 || ^16.0.0 || ^17.0.0"
      },
      "peerDependencies": {
        "graphql": "^15.5.0 || ^16.0.0 || ^17.0.0",
        "typescript": "^5.0.0"
      }
    },
    "node_modules/@ampproject/remapping": {
      "version": "2.3.0",
      "resolved": "https://registry.npmjs.org/@ampproject/remapping/-/remapping-2.3.0.tgz",
      "integrity": "sha512-30iZtAPgz+LTIYoeivqYo853f02jBYSd5uGnGpkFV0M3xOt9aN73erkgYAmZU43x4VfqcnLxW9Kpg3R5LC4YYw==",
      "peer": true,
      "dependencies": {
        "@jridgewell/gen-mapping": "^0.3.5",
        "@jridgewell/trace-mapping": "^0.3.24"
      },
      "engines": {
        "node": ">=6.0.0"
      }
    },
    "node_modules/@babel/parser": {
      "version": "7.24.6",
      "resolved": "https://registry.npmjs.org/@babel/parser/-/parser-7.24.6.tgz",
      "integrity": "sha512-eNZXdfU35nJC2h24RznROuOpO94h6x8sg9ju0tT9biNtLZ2vuP8SduLqqV+/8+cebSLV9SJEAN5Z3zQbJG/M+Q==",
      "bin": {
        "parser": "bin/babel-parser.js"
      },
      "engines": {
        "node": ">=6.0.0"
      }
    },
    "node_modules/@gql.tada/cli-utils": {
      "version": "1.3.9",
      "resolved": "https://registry.npmjs.org/@gql.tada/cli-utils/-/cli-utils-1.3.9.tgz",
      "integrity": "sha512-oRb7SG/+csx9CiypSJTI21KaLfulOUnhX1vxg4FXi2snub9XShkGR2XnnlJVTAOZXY9Vcxti1NutAElxdDkycA==",
      "dependencies": {
        "@0no-co/graphqlsp": "^1.12.1",
        "@gql.tada/internal": "1.0.0",
        "@vue/compiler-dom": "^3.4.23",
        "@vue/language-core": "^2.0.17",
        "graphql": "^15.5.0 || ^16.0.0 || ^17.0.0",
        "svelte2tsx": "^0.7.6"
      },
      "peerDependencies": {
        "graphql": "^15.5.0 || ^16.0.0 || ^17.0.0",
        "typescript": "^5.0.0"
      }
    },
    "node_modules/@gql.tada/internal": {
      "version": "1.0.0",
      "resolved": "https://registry.npmjs.org/@gql.tada/internal/-/internal-1.0.0.tgz",
      "integrity": "sha512-B55aIYyZn5ewdgMqoJciPAwF5DKYX6HBabTU+ap/dpNH3EgJrLomc8Y8w+MCxCyOx+dXL9OduT6eWnVr7J7Eyg==",
      "dependencies": {
        "@0no-co/graphql.web": "^1.0.5"
      },
      "peerDependencies": {
        "graphql": "^15.5.0 || ^16.0.0 || ^17.0.0",
        "typescript": "^5.0.0"
      }
    },
    "node_modules/@graphql-typed-document-node/core": {
      "version": "3.2.0",
      "resolved": "https://registry.npmjs.org/@graphql-typed-document-node/core/-/core-3.2.0.tgz",
      "integrity": "sha512-mB9oAsNCm9aM3/SOv4YtBMqZbYj10R7dkq8byBqxGY/ncFwhf2oQzMV+LCRlWoDSEBJ3COiR1yeDvMtsoOsuFQ==",
      "peerDependencies": {
        "graphql": "^0.8.0 || ^0.9.0 || ^0.10.0 || ^0.11.0 || ^0.12.0 || ^0.13.0 || ^14.0.0 || ^15.0.0 || ^16.0.0 || ^17.0.0"
      }
    },
    "node_modules/@jridgewell/gen-mapping": {
      "version": "0.3.5",
      "resolved": "https://registry.npmjs.org/@jridgewell/gen-mapping/-/gen-mapping-0.3.5.tgz",
      "integrity": "sha512-IzL8ZoEDIBRWEzlCcRhOaCupYyN5gdIK+Q6fbFdPDg6HqX6jpkItn7DFIpW9LQzXG6Df9sA7+OKnq0qlz/GaQg==",
      "peer": true,
      "dependencies": {
        "@jridgewell/set-array": "^1.2.1",
        "@jridgewell/sourcemap-codec": "^1.4.10",
        "@jridgewell/trace-mapping": "^0.3.24"
      },
      "engines": {
        "node": ">=6.0.0"
      }
    },
    "node_modules/@jridgewell/resolve-uri": {
      "version": "3.1.2",
      "resolved": "https://registry.npmjs.org/@jridgewell/resolve-uri/-/resolve-uri-3.1.2.tgz",
      "integrity": "sha512-bRISgCIjP20/tbWSPWMEi54QVPRZExkuD9lJL+UIxUKtwVJA8wW1Trb1jMs1RFXo1CBTNZ/5hpC9QvmKWdopKw==",
      "peer": true,
      "engines": {
        "node": ">=6.0.0"
      }
    },
    "node_modules/@jridgewell/set-array": {
      "version": "1.2.1",
      "resolved": "https://registry.npmjs.org/@jridgewell/set-array/-/set-array-1.2.1.tgz",
      "integrity": "sha512-R8gLRTZeyp03ymzP/6Lil/28tGeGEzhx1q2k703KGWRAI1VdvPIXdG70VJc2pAMw3NA6JKL5hhFu1sJX0Mnn/A==",
      "peer": true,
      "engines": {
        "node": ">=6.0.0"
      }
    },
    "node_modules/@jridgewell/sourcemap-codec": {
      "version": "1.4.15",
      "resolved": "https://registry.npmjs.org/@jridgewell/sourcemap-codec/-/sourcemap-codec-1.4.15.tgz",
      "integrity": "sha512-eF2rxCRulEKXHTRiDrDy6erMYWqNw4LPdQ8UQA4huuxaQsVeRPFl2oM8oDGxMFhJUWZf9McpLtJasDDZb/Bpeg==",
      "peer": true
    },
    "node_modules/@jridgewell/trace-mapping": {
      "version": "0.3.25",
      "resolved": "https://registry.npmjs.org/@jridgewell/trace-mapping/-/trace-mapping-0.3.25.tgz",
      "integrity": "sha512-vNk6aEwybGtawWmy/PzwnGDOjCkLWSD2wqvjGGAgOAwCGWySYXfYoxt00IJkTF+8Lb57DwOb3Aa0o9CApepiYQ==",
      "peer": true,
      "dependencies": {
        "@jridgewell/resolve-uri": "^3.1.0",
        "@jridgewell/sourcemap-codec": "^1.4.14"
      }
    },
    "node_modules/@mysten/bcs": {
      "version": "1.0.0",
      "resolved": "https://registry.npmjs.org/@mysten/bcs/-/bcs-1.0.0.tgz",
      "integrity": "sha512-GhdAFPJZztnlFF2bFrjprjreCGpYtN3LMVCrWjLTT44xwwafphFqTYQEgCHkqGobg05P2EBoG7cMcF3skmkPwg==",
      "dependencies": {
        "bs58": "^5.0.0"
      }
    },
    "node_modules/@mysten/sui": {
      "version": "1.0.3",
      "resolved": "https://registry.npmjs.org/@mysten/sui/-/sui-1.0.3.tgz",
      "integrity": "sha512-mkz0QwbHvhuXtiPhdQA47nXeH4M2aKMNeFBE7F+4RSWeMXa4g4ojrXURI2OAc9KZc1qFxas7ZcZKAbF3qto72w==",
      "dependencies": {
        "@graphql-typed-document-node/core": "^3.2.0",
        "@mysten/bcs": "1.0.0",
        "@noble/curves": "^1.1.0",
        "@noble/hashes": "^1.3.1",
        "@scure/bip32": "^1.3.1",
        "@scure/bip39": "^1.2.1",
        "@suchipi/femver": "^1.0.0",
        "bech32": "^2.0.0",
        "gql.tada": "^1.7.0",
        "graphql": "^16.8.1",
        "tweetnacl": "^1.0.3",
        "valibot": "^0.25.0"
      },
      "engines": {
        "node": ">=18"
      }
    },
    "node_modules/@mysten/sui.js": {
      "version": "0.26.1",
      "resolved": "https://registry.npmjs.org/@mysten/sui.js/-/sui.js-0.26.1.tgz",
      "integrity": "sha512-bc7jNv5iDQzD2OgOTRDIl7Ro4JGYQ2zkPwJzLyLlp+0ZvjNNeSgHOYb/bG7lNmqgHJO4hO/1bBWPphyQLB+pzA==",
      "dependencies": {
        "@mysten/bcs": "0.5.0",
        "@noble/hashes": "^1.1.5",
        "@noble/secp256k1": "^1.7.0",
        "@scure/bip32": "^1.1.1",
        "@scure/bip39": "^1.1.0",
        "@suchipi/femver": "^1.0.0",
        "bs58": "^5.0.0",
        "cross-fetch": "^3.1.5",
        "jayson": "^4.0.0",
        "js-sha3": "^0.8.0",
        "rpc-websockets": "^7.5.0",
        "superstruct": "^1.0.3",
        "tweetnacl": "^1.0.3"
      },
      "engines": {
        "node": ">=16"
      }
    },
    "node_modules/@mysten/sui.js/node_modules/@mysten/bcs": {
      "version": "0.5.0",
      "resolved": "https://registry.npmjs.org/@mysten/bcs/-/bcs-0.5.0.tgz",
      "integrity": "sha512-FjGnXZfR4dY01Q1l3xjgaU+ruIlVomXZk8vzgsQXPFOv7O4pNiOOpJyMEMUnWcyUiktk4R9MxoJJrygOtdxaUw=="
    },
    "node_modules/@noble/curves": {
      "version": "1.4.0",
      "resolved": "https://registry.npmjs.org/@noble/curves/-/curves-1.4.0.tgz",
      "integrity": "sha512-p+4cb332SFCrReJkCYe8Xzm0OWi4Jji5jVdIZRL/PmacmDkFNw6MrrV+gGpiPxLHbV+zKFRywUWbaseT+tZRXg==",
      "dependencies": {
        "@noble/hashes": "1.4.0"
      },
      "funding": {
        "url": "https://paulmillr.com/funding/"
      }
    },
    "node_modules/@noble/hashes": {
      "version": "1.4.0",
      "resolved": "https://registry.npmjs.org/@noble/hashes/-/hashes-1.4.0.tgz",
      "integrity": "sha512-V1JJ1WTRUqHHrOSh597hURcMqVKVGL/ea3kv0gSnEdsEZ0/+VyPghM1lMNGc00z7CIQorSvbKpuJkxvuHbvdbg==",
      "engines": {
        "node": ">= 16"
      },
      "funding": {
        "url": "https://paulmillr.com/funding/"
      }
    },
    "node_modules/@noble/secp256k1": {
      "version": "1.7.1",
      "resolved": "https://registry.npmjs.org/@noble/secp256k1/-/secp256k1-1.7.1.tgz",
      "integrity": "sha512-hOUk6AyBFmqVrv7k5WAw/LpszxVbj9gGN4JRkIX52fdFAj1UA61KXmZDvqVEm+pOyec3+fIeZB02LYa/pWOArw==",
      "funding": [
        {
          "type": "individual",
          "url": "https://paulmillr.com/funding/"
        }
      ]
    },
    "node_modules/@scure/base": {
      "version": "1.1.6",
      "resolved": "https://registry.npmjs.org/@scure/base/-/base-1.1.6.tgz",
      "integrity": "sha512-ok9AWwhcgYuGG3Zfhyqg+zwl+Wn5uE+dwC0NV/2qQkx4dABbb/bx96vWu8NSj+BNjjSjno+JRYRjle1jV08k3g==",
      "funding": {
        "url": "https://paulmillr.com/funding/"
      }
    },
    "node_modules/@scure/bip32": {
      "version": "1.4.0",
      "resolved": "https://registry.npmjs.org/@scure/bip32/-/bip32-1.4.0.tgz",
      "integrity": "sha512-sVUpc0Vq3tXCkDGYVWGIZTRfnvu8LoTDaev7vbwh0omSvVORONr960MQWdKqJDCReIEmTj3PAr73O3aoxz7OPg==",
      "dependencies": {
        "@noble/curves": "~1.4.0",
        "@noble/hashes": "~1.4.0",
        "@scure/base": "~1.1.6"
      },
      "funding": {
        "url": "https://paulmillr.com/funding/"
      }
    },
    "node_modules/@scure/bip39": {
      "version": "1.3.0",
      "resolved": "https://registry.npmjs.org/@scure/bip39/-/bip39-1.3.0.tgz",
      "integrity": "sha512-disdg7gHuTDZtY+ZdkmLpPCk7fxZSu3gBiEGuoC1XYxv9cGx3Z6cpTggCgW6odSOOIXCiDjuGejW+aJKCY/pIQ==",
      "dependencies": {
        "@noble/hashes": "~1.4.0",
        "@scure/base": "~1.1.6"
      },
      "funding": {
        "url": "https://paulmillr.com/funding/"
      }
    },
    "node_modules/@suchipi/femver": {
      "version": "1.0.0",
      "resolved": "https://registry.npmjs.org/@suchipi/femver/-/femver-1.0.0.tgz",
      "integrity": "sha512-bprE8+K5V+DPX7q2e2K57ImqNBdfGHDIWaGI5xHxZoxbKOuQZn4wzPiUxOAHnsUr3w3xHrWXwN7gnG/iIuEMIg=="
    },
    "node_modules/@types/connect": {
      "version": "3.4.38",
      "resolved": "https://registry.npmjs.org/@types/connect/-/connect-3.4.38.tgz",
      "integrity": "sha512-K6uROf1LD88uDQqJCktA4yzL1YYAK6NgfsI0v/mTgyPKWsX1CnJ0XPSDhViejru1GcRkLWb8RlzFYJRqGUbaug==",
      "dependencies": {
        "@types/node": "*"
      }
    },
    "node_modules/@types/estree": {
      "version": "1.0.5",
      "resolved": "https://registry.npmjs.org/@types/estree/-/estree-1.0.5.tgz",
      "integrity": "sha512-/kYRxGDLWzHOB7q+wtSUQlFrtcdUccpfy+X+9iMBpHK8QLLhx2wIPYuS5DYtR9Wa/YlZAbIovy7qVdB1Aq6Lyw==",
      "peer": true
    },
    "node_modules/@types/node": {
      "version": "12.20.55",
      "resolved": "https://registry.npmjs.org/@types/node/-/node-12.20.55.tgz",
      "integrity": "sha512-J8xLz7q2OFulZ2cyGTLE1TbbZcjpno7FaN6zdJNrgAdrJ+DZzh/uFR6YrTb4C+nXakvud8Q4+rbhoIWlYQbUFQ=="
    },
    "node_modules/@types/ws": {
      "version": "7.4.7",
      "resolved": "https://registry.npmjs.org/@types/ws/-/ws-7.4.7.tgz",
      "integrity": "sha512-JQbbmxZTZehdc2iszGKs5oC3NFnjeay7mtAWrdt7qNtAVK0g19muApzAy4bm9byz79xa2ZnO/BOBC2R8RC5Lww==",
      "dependencies": {
        "@types/node": "*"
      }
    },
    "node_modules/@volar/language-core": {
      "version": "2.2.5",
      "resolved": "https://registry.npmjs.org/@volar/language-core/-/language-core-2.2.5.tgz",
      "integrity": "sha512-2htyAuxRrAgETmFeUhT4XLELk3LiEcqoW/B8YUXMF6BrGWLMwIR09MFaZYvrA2UhbdAeSyeQ726HaWSWkexUcQ==",
      "dependencies": {
        "@volar/source-map": "2.2.5"
      }
    },
    "node_modules/@volar/source-map": {
      "version": "2.2.5",
      "resolved": "https://registry.npmjs.org/@volar/source-map/-/source-map-2.2.5.tgz",
      "integrity": "sha512-wrOEIiZNf4E+PWB0AxyM4tfhkfldPsb3bxg8N6FHrxJH2ohar7aGu48e98bp3pR9HUA7P/pR9VrLmkTrgCCnWQ==",
      "dependencies": {
        "muggle-string": "^0.4.0"
      }
    },
    "node_modules/@vue/compiler-core": {
      "version": "3.4.27",
      "resolved": "https://registry.npmjs.org/@vue/compiler-core/-/compiler-core-3.4.27.tgz",
      "integrity": "sha512-E+RyqY24KnyDXsCuQrI+mlcdW3ALND6U7Gqa/+bVwbcpcR3BRRIckFoz7Qyd4TTlnugtwuI7YgjbvsLmxb+yvg==",
      "dependencies": {
        "@babel/parser": "^7.24.4",
        "@vue/shared": "3.4.27",
        "entities": "^4.5.0",
        "estree-walker": "^2.0.2",
        "source-map-js": "^1.2.0"
      }
    },
    "node_modules/@vue/compiler-dom": {
      "version": "3.4.27",
      "resolved": "https://registry.npmjs.org/@vue/compiler-dom/-/compiler-dom-3.4.27.tgz",
      "integrity": "sha512-kUTvochG/oVgE1w5ViSr3KUBh9X7CWirebA3bezTbB5ZKBQZwR2Mwj9uoSKRMFcz4gSMzzLXBPD6KpCLb9nvWw==",
      "dependencies": {
        "@vue/compiler-core": "3.4.27",
        "@vue/shared": "3.4.27"
      }
    },
    "node_modules/@vue/language-core": {
      "version": "2.0.19",
      "resolved": "https://registry.npmjs.org/@vue/language-core/-/language-core-2.0.19.tgz",
      "integrity": "sha512-A9EGOnvb51jOvnCYoRLnMP+CcoPlbZVxI9gZXE/y2GksRWM6j/PrLEIC++pnosWTN08tFpJgxhSS//E9v/Sg+Q==",
      "dependencies": {
        "@volar/language-core": "~2.2.4",
        "@vue/compiler-dom": "^3.4.0",
        "@vue/shared": "^3.4.0",
        "computeds": "^0.0.1",
        "minimatch": "^9.0.3",
        "path-browserify": "^1.0.1",
        "vue-template-compiler": "^2.7.14"
      },
      "peerDependencies": {
        "typescript": "*"
      },
      "peerDependenciesMeta": {
        "typescript": {
          "optional": true
        }
      }
    },
    "node_modules/@vue/shared": {
      "version": "3.4.27",
      "resolved": "https://registry.npmjs.org/@vue/shared/-/shared-3.4.27.tgz",
      "integrity": "sha512-DL3NmY2OFlqmYYrzp39yi3LDkKxa5vZVwxWdQ3rG0ekuWscHraeIbnI8t+aZK7qhYqEqWKTUdijadunb9pnrgA=="
    },
    "node_modules/acorn": {
      "version": "8.11.3",
      "resolved": "https://registry.npmjs.org/acorn/-/acorn-8.11.3.tgz",
      "integrity": "sha512-Y9rRfJG5jcKOE0CLisYbojUjIrIEE7AGMzA/Sm4BslANhbS+cDMpgBdcPT91oJ7OuJ9hYJBx59RjbhxVnrF8Xg==",
      "peer": true,
      "bin": {
        "acorn": "bin/acorn"
      },
      "engines": {
        "node": ">=0.4.0"
      }
    },
    "node_modules/aria-query": {
      "version": "5.3.0",
      "resolved": "https://registry.npmjs.org/aria-query/-/aria-query-5.3.0.tgz",
      "integrity": "sha512-b0P0sZPKtyu8HkeRAfCq0IfURZK+SuwMjY1UXGBU27wpAiTwQAIlq56IbIO+ytk/JjS1fMR14ee5WBBfKi5J6A==",
      "peer": true,
      "dependencies": {
        "dequal": "^2.0.3"
      }
    },
    "node_modules/axobject-query": {
      "version": "4.0.0",
      "resolved": "https://registry.npmjs.org/axobject-query/-/axobject-query-4.0.0.tgz",
      "integrity": "sha512-+60uv1hiVFhHZeO+Lz0RYzsVHy5Wr1ayX0mwda9KPDVLNJgZ1T9Ny7VmFbLDzxsH0D87I86vgj3gFrjTJUYznw==",
      "peer": true,
      "dependencies": {
        "dequal": "^2.0.3"
      }
    },
    "node_modules/balanced-match": {
      "version": "1.0.2",
      "resolved": "https://registry.npmjs.org/balanced-match/-/balanced-match-1.0.2.tgz",
      "integrity": "sha512-3oSeUO0TMV67hN1AmbXsK4yaqU7tjiHlbxRDZOpH0KW9+CeX4bRAaX0Anxt0tx2MrpRpWwQaPwIlISEJhYU5Pw=="
    },
    "node_modules/base-x": {
      "version": "4.0.0",
      "resolved": "https://registry.npmjs.org/base-x/-/base-x-4.0.0.tgz",
      "integrity": "sha512-FuwxlW4H5kh37X/oW59pwTzzTKRzfrrQwhmyspRM7swOEZcHtDZSCt45U6oKgtuFE+WYPblePMVIPR4RZrh/hw=="
    },
    "node_modules/bech32": {
      "version": "2.0.0",
      "resolved": "https://registry.npmjs.org/bech32/-/bech32-2.0.0.tgz",
      "integrity": "sha512-LcknSilhIGatDAsY1ak2I8VtGaHNhgMSYVxFrGLXv+xLHytaKZKcaUJJUE7qmBr7h33o5YQwP55pMI0xmkpJwg=="
    },
    "node_modules/brace-expansion": {
      "version": "2.0.1",
      "resolved": "https://registry.npmjs.org/brace-expansion/-/brace-expansion-2.0.1.tgz",
      "integrity": "sha512-XnAIvQ8eM+kC6aULx6wuQiwVsnzsi9d3WxzV3FpWTGA19F621kwdbsAcFKXgKUHZWsy+mY6iL1sHTxWEFCytDA==",
      "dependencies": {
        "balanced-match": "^1.0.0"
      }
    },
    "node_modules/bs58": {
      "version": "5.0.0",
      "resolved": "https://registry.npmjs.org/bs58/-/bs58-5.0.0.tgz",
      "integrity": "sha512-r+ihvQJvahgYT50JD05dyJNKlmmSlMoOGwn1lCcEzanPglg7TxYjioQUYehQ9mAR/+hOSd2jRc/Z2y5UxBymvQ==",
      "dependencies": {
        "base-x": "^4.0.0"
      }
    },
    "node_modules/bufferutil": {
      "version": "4.0.8",
      "resolved": "https://registry.npmjs.org/bufferutil/-/bufferutil-4.0.8.tgz",
      "integrity": "sha512-4T53u4PdgsXqKaIctwF8ifXlRTTmEPJ8iEPWFdGZvcf7sbwYo6FKFEX9eNNAnzFZ7EzJAQ3CJeOtCRA4rDp7Pw==",
      "hasInstallScript": true,
      "optional": true,
      "dependencies": {
        "node-gyp-build": "^4.3.0"
      },
      "engines": {
        "node": ">=6.14.2"
      }
    },
    "node_modules/code-red": {
      "version": "1.0.4",
      "resolved": "https://registry.npmjs.org/code-red/-/code-red-1.0.4.tgz",
      "integrity": "sha512-7qJWqItLA8/VPVlKJlFXU+NBlo/qyfs39aJcuMT/2ere32ZqvF5OSxgdM5xOfJJ7O429gg2HM47y8v9P+9wrNw==",
      "peer": true,
      "dependencies": {
        "@jridgewell/sourcemap-codec": "^1.4.15",
        "@types/estree": "^1.0.1",
        "acorn": "^8.10.0",
        "estree-walker": "^3.0.3",
        "periscopic": "^3.1.0"
      }
    },
    "node_modules/code-red/node_modules/estree-walker": {
      "version": "3.0.3",
      "resolved": "https://registry.npmjs.org/estree-walker/-/estree-walker-3.0.3.tgz",
      "integrity": "sha512-7RUKfXgSMMkzt6ZuXmqapOurLGPPfgj6l9uRZ7lRGolvk0y2yocc35LdcxKC5PQZdn2DMqioAQ2NoWcrTKmm6g==",
      "peer": true,
      "dependencies": {
        "@types/estree": "^1.0.0"
      }
    },
    "node_modules/commander": {
      "version": "2.20.3",
      "resolved": "https://registry.npmjs.org/commander/-/commander-2.20.3.tgz",
      "integrity": "sha512-GpVkmM8vF2vQUkj2LvZmD35JxeJOLCwJ9cUkugyk2nuhbv3+mJvpLYYt+0+USMxE+oj+ey/lJEnhZw75x/OMcQ=="
    },
    "node_modules/computeds": {
      "version": "0.0.1",
      "resolved": "https://registry.npmjs.org/computeds/-/computeds-0.0.1.tgz",
      "integrity": "sha512-7CEBgcMjVmitjYo5q8JTJVra6X5mQ20uTThdK+0kR7UEaDrAWEQcRiBtWJzga4eRpP6afNwwLsX2SET2JhVB1Q=="
    },
    "node_modules/cross-fetch": {
      "version": "3.1.8",
      "resolved": "https://registry.npmjs.org/cross-fetch/-/cross-fetch-3.1.8.tgz",
      "integrity": "sha512-cvA+JwZoU0Xq+h6WkMvAUqPEYy92Obet6UdKLfW60qn99ftItKjB5T+BkyWOFWe2pUyfQ+IJHmpOTznqk1M6Kg==",
      "dependencies": {
        "node-fetch": "^2.6.12"
      }
    },
    "node_modules/css-tree": {
      "version": "2.3.1",
      "resolved": "https://registry.npmjs.org/css-tree/-/css-tree-2.3.1.tgz",
      "integrity": "sha512-6Fv1DV/TYw//QF5IzQdqsNDjx/wc8TrMBZsqjL9eW01tWb7R7k/mq+/VXfJCl7SoD5emsJop9cOByJZfs8hYIw==",
      "peer": true,
      "dependencies": {
        "mdn-data": "2.0.30",
        "source-map-js": "^1.0.1"
      },
      "engines": {
        "node": "^10 || ^12.20.0 || ^14.13.0 || >=15.0.0"
      }
    },
    "node_modules/de-indent": {
      "version": "1.0.2",
      "resolved": "https://registry.npmjs.org/de-indent/-/de-indent-1.0.2.tgz",
      "integrity": "sha512-e/1zu3xH5MQryN2zdVaF0OrdNLUbvWxzMbi+iNA6Bky7l1RoP8a2fIbRocyHclXt/arDrrR6lL3TqFD9pMQTsg=="
    },
    "node_modules/dedent-js": {
      "version": "1.0.1",
      "resolved": "https://registry.npmjs.org/dedent-js/-/dedent-js-1.0.1.tgz",
      "integrity": "sha512-OUepMozQULMLUmhxS95Vudo0jb0UchLimi3+pQ2plj61Fcy8axbP9hbiD4Sz6DPqn6XG3kfmziVfQ1rSys5AJQ=="
    },
    "node_modules/delay": {
      "version": "5.0.0",
      "resolved": "https://registry.npmjs.org/delay/-/delay-5.0.0.tgz",
      "integrity": "sha512-ReEBKkIfe4ya47wlPYf/gu5ib6yUG0/Aez0JQZQz94kiWtRQvZIQbTiehsnwHvLSWJnQdhVeqYue7Id1dKr0qw==",
      "engines": {
        "node": ">=10"
      },
      "funding": {
        "url": "https://github.com/sponsors/sindresorhus"
      }
    },
    "node_modules/dequal": {
      "version": "2.0.3",
      "resolved": "https://registry.npmjs.org/dequal/-/dequal-2.0.3.tgz",
      "integrity": "sha512-0je+qPKHEMohvfRTCEo3CrPG6cAzAYgmzKyxRiYSSDkS6eGJdyVJm7WaYA5ECaAD9wLB2T4EEeymA5aFVcYXCA==",
      "peer": true,
      "engines": {
        "node": ">=6"
      }
    },
    "node_modules/entities": {
      "version": "4.5.0",
      "resolved": "https://registry.npmjs.org/entities/-/entities-4.5.0.tgz",
      "integrity": "sha512-V0hjH4dGPh9Ao5p0MoRY6BVqtwCjhz6vI5LT8AJ55H+4g9/4vbHx1I54fS0XuclLhDHArPQCiMjDxjaL8fPxhw==",
      "engines": {
        "node": ">=0.12"
      },
      "funding": {
        "url": "https://github.com/fb55/entities?sponsor=1"
      }
    },
    "node_modules/es6-promise": {
      "version": "4.2.8",
      "resolved": "https://registry.npmjs.org/es6-promise/-/es6-promise-4.2.8.tgz",
      "integrity": "sha512-HJDGx5daxeIvxdBxvG2cb9g4tEvwIk3i8+nhX0yGrYmZUzbkdg8QbDevheDB8gd0//uPj4c1EQua8Q+MViT0/w=="
    },
    "node_modules/es6-promisify": {
      "version": "5.0.0",
      "resolved": "https://registry.npmjs.org/es6-promisify/-/es6-promisify-5.0.0.tgz",
      "integrity": "sha512-C+d6UdsYDk0lMebHNR4S2NybQMMngAOnOwYBQjTOiv0MkoJMP0Myw2mgpDLBcpfCmRLxyFqYhS/CfOENq4SJhQ==",
      "dependencies": {
        "es6-promise": "^4.0.3"
      }
    },
    "node_modules/estree-walker": {
      "version": "2.0.2",
      "resolved": "https://registry.npmjs.org/estree-walker/-/estree-walker-2.0.2.tgz",
      "integrity": "sha512-Rfkk/Mp/DL7JVje3u18FxFujQlTNR2q6QfMSMB7AvCBx91NGj/ba3kCfza0f6dVDbw7YlRf/nDrn7pQrCCyQ/w=="
    },
    "node_modules/eventemitter3": {
      "version": "4.0.7",
      "resolved": "https://registry.npmjs.org/eventemitter3/-/eventemitter3-4.0.7.tgz",
      "integrity": "sha512-8guHBZCwKnFhYdHr2ysuRWErTwhoN2X8XELRlrRwpmfeY2jjuUN4taQMsULKUVo1K4DvZl+0pgfyoysHxvmvEw=="
    },
    "node_modules/eyes": {
      "version": "0.1.8",
      "resolved": "https://registry.npmjs.org/eyes/-/eyes-0.1.8.tgz",
      "integrity": "sha512-GipyPsXO1anza0AOZdy69Im7hGFCNB7Y/NGjDlZGJ3GJJLtwNSb2vrzYrTYJRrRloVx7pl+bhUaTB8yiccPvFQ==",
      "engines": {
        "node": "> 0.1.90"
      }
    },
    "node_modules/gql.tada": {
      "version": "1.7.5",
      "resolved": "https://registry.npmjs.org/gql.tada/-/gql.tada-1.7.5.tgz",
      "integrity": "sha512-GepPTee+FWSVVZQ7GiJHzsGNo7gOb59kcn4mUPYLlkbpeJfOUwpuoB05ZNaXG0W4qZVPd1I7R2UgMHBjY1lGlQ==",
      "dependencies": {
        "@0no-co/graphql.web": "^1.0.5",
        "@gql.tada/cli-utils": "1.3.9",
        "@gql.tada/internal": "1.0.0"
      },
      "bin": {
        "gql-tada": "bin/cli.js",
        "gql.tada": "bin/cli.js"
      },
      "peerDependencies": {
        "typescript": "^5.0.0"
      }
    },
    "node_modules/graphql": {
      "version": "16.8.1",
      "resolved": "https://registry.npmjs.org/graphql/-/graphql-16.8.1.tgz",
      "integrity": "sha512-59LZHPdGZVh695Ud9lRzPBVTtlX9ZCV150Er2W43ro37wVof0ctenSaskPPjN7lVTIN8mSZt8PHUNKZuNQUuxw==",
      "engines": {
        "node": "^12.22.0 || ^14.16.0 || ^16.0.0 || >=17.0.0"
      }
    },
    "node_modules/he": {
      "version": "1.2.0",
      "resolved": "https://registry.npmjs.org/he/-/he-1.2.0.tgz",
      "integrity": "sha512-F/1DnUGPopORZi0ni+CvrCgHQ5FyEAHRLSApuYWMmrbSwoN2Mn/7k+Gl38gJnR7yyDZk6WLXwiGod1JOWNDKGw==",
      "bin": {
        "he": "bin/he"
      }
    },
    "node_modules/is-reference": {
      "version": "3.0.2",
      "resolved": "https://registry.npmjs.org/is-reference/-/is-reference-3.0.2.tgz",
      "integrity": "sha512-v3rht/LgVcsdZa3O2Nqs+NMowLOxeOm7Ay9+/ARQ2F+qEoANRcqrjAZKGN0v8ymUetZGgkp26LTnGT7H0Qo9Pg==",
      "peer": true,
      "dependencies": {
        "@types/estree": "*"
      }
    },
    "node_modules/isomorphic-ws": {
      "version": "4.0.1",
      "resolved": "https://registry.npmjs.org/isomorphic-ws/-/isomorphic-ws-4.0.1.tgz",
      "integrity": "sha512-BhBvN2MBpWTaSHdWRb/bwdZJ1WaehQ2L1KngkCkfLUGF0mAWAT1sQUQacEmQ0jXkFw/czDXPNQSL5u2/Krsz1w==",
      "peerDependencies": {
        "ws": "*"
      }
    },
    "node_modules/jayson": {
      "version": "4.1.0",
      "resolved": "https://registry.npmjs.org/jayson/-/jayson-4.1.0.tgz",
      "integrity": "sha512-R6JlbyLN53Mjku329XoRT2zJAE6ZgOQ8f91ucYdMCD4nkGCF9kZSrcGXpHIU4jeKj58zUZke2p+cdQchU7Ly7A==",
      "dependencies": {
        "@types/connect": "^3.4.33",
        "@types/node": "^12.12.54",
        "@types/ws": "^7.4.4",
        "commander": "^2.20.3",
        "delay": "^5.0.0",
        "es6-promisify": "^5.0.0",
        "eyes": "^0.1.8",
        "isomorphic-ws": "^4.0.1",
        "json-stringify-safe": "^5.0.1",
        "JSONStream": "^1.3.5",
        "uuid": "^8.3.2",
        "ws": "^7.4.5"
      },
      "bin": {
        "jayson": "bin/jayson.js"
      },
      "engines": {
        "node": ">=8"
      }
    },
    "node_modules/js-sha3": {
      "version": "0.8.0",
      "resolved": "https://registry.npmjs.org/js-sha3/-/js-sha3-0.8.0.tgz",
      "integrity": "sha512-gF1cRrHhIzNfToc802P800N8PpXS+evLLXfsVpowqmAFR9uwbi89WvXg2QspOmXL8QL86J4T1EpFu+yUkwJY3Q=="
    },
    "node_modules/json-stringify-safe": {
      "version": "5.0.1",
      "resolved": "https://registry.npmjs.org/json-stringify-safe/-/json-stringify-safe-5.0.1.tgz",
      "integrity": "sha512-ZClg6AaYvamvYEE82d3Iyd3vSSIjQ+odgjaTzRuO3s7toCdFKczob2i0zCh7JE8kWn17yvAWhUVxvqGwUalsRA=="
    },
    "node_modules/jsonparse": {
      "version": "1.3.1",
      "resolved": "https://registry.npmjs.org/jsonparse/-/jsonparse-1.3.1.tgz",
      "integrity": "sha512-POQXvpdL69+CluYsillJ7SUhKvytYjW9vG/GKpnf+xP8UWgYEM/RaMzHHofbALDiKbbP1W8UEYmgGl39WkPZsg==",
      "engines": [
        "node >= 0.2.0"
      ]
    },
    "node_modules/JSONStream": {
      "version": "1.3.5",
      "resolved": "https://registry.npmjs.org/JSONStream/-/JSONStream-1.3.5.tgz",
      "integrity": "sha512-E+iruNOY8VV9s4JEbe1aNEm6MiszPRr/UfcHMz0TQh1BXSxHK+ASV1R6W4HpjBhSeS+54PIsAMCBmwD06LLsqQ==",
      "dependencies": {
        "jsonparse": "^1.2.0",
        "through": ">=2.2.7 <3"
      },
      "bin": {
        "JSONStream": "bin.js"
      },
      "engines": {
        "node": "*"
      }
    },
    "node_modules/locate-character": {
      "version": "3.0.0",
      "resolved": "https://registry.npmjs.org/locate-character/-/locate-character-3.0.0.tgz",
      "integrity": "sha512-SW13ws7BjaeJ6p7Q6CO2nchbYEc3X3J6WrmTTDto7yMPqVSZTUyY5Tjbid+Ab8gLnATtygYtiDIJGQRRn2ZOiA==",
      "peer": true
    },
    "node_modules/lower-case": {
      "version": "2.0.2",
      "resolved": "https://registry.npmjs.org/lower-case/-/lower-case-2.0.2.tgz",
      "integrity": "sha512-7fm3l3NAF9WfN6W3JOmf5drwpVqX78JtoGJ3A6W0a6ZnldM41w2fV5D490psKFTpMds8TJse/eHLFFsNHHjHgg==",
      "dependencies": {
        "tslib": "^2.0.3"
      }
    },
    "node_modules/magic-string": {
      "version": "0.30.10",
      "resolved": "https://registry.npmjs.org/magic-string/-/magic-string-0.30.10.tgz",
      "integrity": "sha512-iIRwTIf0QKV3UAnYK4PU8uiEc4SRh5jX0mwpIwETPpHdhVM4f53RSwS/vXvN1JhGX+Cs7B8qIq3d6AH49O5fAQ==",
      "peer": true,
      "dependencies": {
        "@jridgewell/sourcemap-codec": "^1.4.15"
      }
    },
    "node_modules/mdn-data": {
      "version": "2.0.30",
      "resolved": "https://registry.npmjs.org/mdn-data/-/mdn-data-2.0.30.tgz",
      "integrity": "sha512-GaqWWShW4kv/G9IEucWScBx9G1/vsFZZJUO+tD26M8J8z3Kw5RDQjaoZe03YAClgeS/SWPOcb4nkFBTEi5DUEA==",
      "peer": true
    },
    "node_modules/minimatch": {
      "version": "9.0.4",
      "resolved": "https://registry.npmjs.org/minimatch/-/minimatch-9.0.4.tgz",
      "integrity": "sha512-KqWh+VchfxcMNRAJjj2tnsSJdNbHsVgnkBhTNrW7AjVo6OvLtxw8zfT9oLw1JSohlFzJ8jCoTgaoXvJ+kHt6fw==",
      "dependencies": {
        "brace-expansion": "^2.0.1"
      },
      "engines": {
        "node": ">=16 || 14 >=14.17"
      },
      "funding": {
        "url": "https://github.com/sponsors/isaacs"
      }
    },
    "node_modules/muggle-string": {
      "version": "0.4.1",
      "resolved": "https://registry.npmjs.org/muggle-string/-/muggle-string-0.4.1.tgz",
      "integrity": "sha512-VNTrAak/KhO2i8dqqnqnAHOa3cYBwXEZe9h+D5h/1ZqFSTEFHdM65lR7RoIqq3tBBYavsOXV84NoHXZ0AkPyqQ=="
    },
    "node_modules/no-case": {
      "version": "3.0.4",
      "resolved": "https://registry.npmjs.org/no-case/-/no-case-3.0.4.tgz",
      "integrity": "sha512-fgAN3jGAh+RoxUGZHTSOLJIqUc2wmoBwGR4tbpNAKmmovFoWq0OdRkb0VkldReO2a2iBT/OEulG9XSUc10r3zg==",
      "dependencies": {
        "lower-case": "^2.0.2",
        "tslib": "^2.0.3"
      }
    },
    "node_modules/node-fetch": {
      "version": "2.7.0",
      "resolved": "https://registry.npmjs.org/node-fetch/-/node-fetch-2.7.0.tgz",
      "integrity": "sha512-c4FRfUm/dbcWZ7U+1Wq0AwCyFL+3nt2bEw05wfxSz+DWpWsitgmSgYmy2dQdWyKC1694ELPqMs/YzUSNozLt8A==",
      "dependencies": {
        "whatwg-url": "^5.0.0"
      },
      "engines": {
        "node": "4.x || >=6.0.0"
      },
      "peerDependencies": {
        "encoding": "^0.1.0"
      },
      "peerDependenciesMeta": {
        "encoding": {
          "optional": true
        }
      }
    },
    "node_modules/node-gyp-build": {
      "version": "4.8.1",
      "resolved": "https://registry.npmjs.org/node-gyp-build/-/node-gyp-build-4.8.1.tgz",
      "integrity": "sha512-OSs33Z9yWr148JZcbZd5WiAXhh/n9z8TxQcdMhIOlpN9AhWpLfvVFO73+m77bBABQMaY9XSvIa+qk0jlI7Gcaw==",
      "optional": true,
      "bin": {
        "node-gyp-build": "bin.js",
        "node-gyp-build-optional": "optional.js",
        "node-gyp-build-test": "build-test.js"
      }
    },
    "node_modules/pascal-case": {
      "version": "3.1.2",
      "resolved": "https://registry.npmjs.org/pascal-case/-/pascal-case-3.1.2.tgz",
      "integrity": "sha512-uWlGT3YSnK9x3BQJaOdcZwrnV6hPpd8jFH1/ucpiLRPh/2zCVJKS19E4GvYHvaCcACn3foXZ0cLB9Wrx1KGe5g==",
      "dependencies": {
        "no-case": "^3.0.4",
        "tslib": "^2.0.3"
      }
    },
    "node_modules/path-browserify": {
      "version": "1.0.1",
      "resolved": "https://registry.npmjs.org/path-browserify/-/path-browserify-1.0.1.tgz",
      "integrity": "sha512-b7uo2UCUOYZcnF/3ID0lulOJi/bafxa1xPe7ZPsammBSpjSWQkjNxlt635YGS2MiR9GjvuXCtz2emr3jbsz98g=="
    },
    "node_modules/periscopic": {
      "version": "3.1.0",
      "resolved": "https://registry.npmjs.org/periscopic/-/periscopic-3.1.0.tgz",
      "integrity": "sha512-vKiQ8RRtkl9P+r/+oefh25C3fhybptkHKCZSPlcXiJux2tJF55GnEj3BVn4A5gKfq9NWWXXrxkHBwVPUfH0opw==",
      "peer": true,
      "dependencies": {
        "@types/estree": "^1.0.0",
        "estree-walker": "^3.0.0",
        "is-reference": "^3.0.0"
      }
    },
    "node_modules/periscopic/node_modules/estree-walker": {
      "version": "3.0.3",
      "resolved": "https://registry.npmjs.org/estree-walker/-/estree-walker-3.0.3.tgz",
      "integrity": "sha512-7RUKfXgSMMkzt6ZuXmqapOurLGPPfgj6l9uRZ7lRGolvk0y2yocc35LdcxKC5PQZdn2DMqioAQ2NoWcrTKmm6g==",
      "peer": true,
      "dependencies": {
        "@types/estree": "^1.0.0"
      }
    },
    "node_modules/rpc-websockets": {
      "version": "7.11.0",
      "resolved": "https://registry.npmjs.org/rpc-websockets/-/rpc-websockets-7.11.0.tgz",
      "integrity": "sha512-IkLYjayPv6Io8C/TdCL5gwgzd1hFz2vmBZrjMw/SPEXo51ETOhnzgS4Qy5GWi2JQN7HKHa66J3+2mv0fgNh/7w==",
      "dependencies": {
        "eventemitter3": "^4.0.7",
        "uuid": "^8.3.2",
        "ws": "^8.5.0"
      },
      "funding": {
        "type": "paypal",
        "url": "https://paypal.me/kozjak"
      },
      "optionalDependencies": {
        "bufferutil": "^4.0.1",
        "utf-8-validate": "^5.0.2"
      }
    },
    "node_modules/rpc-websockets/node_modules/ws": {
      "version": "8.17.0",
      "resolved": "https://registry.npmjs.org/ws/-/ws-8.17.0.tgz",
      "integrity": "sha512-uJq6108EgZMAl20KagGkzCKfMEjxmKvZHG7Tlq0Z6nOky7YF7aq4mOx6xK8TJ/i1LeK4Qus7INktacctDgY8Ow==",
      "engines": {
        "node": ">=10.0.0"
      },
      "peerDependencies": {
        "bufferutil": "^4.0.1",
        "utf-8-validate": ">=5.0.2"
      },
      "peerDependenciesMeta": {
        "bufferutil": {
          "optional": true
        },
        "utf-8-validate": {
          "optional": true
        }
      }
    },
    "node_modules/source-map-js": {
      "version": "1.2.0",
      "resolved": "https://registry.npmjs.org/source-map-js/-/source-map-js-1.2.0.tgz",
      "integrity": "sha512-itJW8lvSA0TXEphiRoawsCksnlf8SyvmFzIhltqAHluXd88pkCd+cXJVHTDwdCr0IzwptSm035IHQktUu1QUMg==",
      "engines": {
        "node": ">=0.10.0"
      }
    },
    "node_modules/superstruct": {
      "version": "1.0.4",
      "resolved": "https://registry.npmjs.org/superstruct/-/superstruct-1.0.4.tgz",
      "integrity": "sha512-7JpaAoX2NGyoFlI9NBh66BQXGONc+uE+MRS5i2iOBKuS4e+ccgMDjATgZldkah+33DakBxDHiss9kvUcGAO8UQ==",
      "engines": {
        "node": ">=14.0.0"
      }
    },
    "node_modules/svelte": {
      "version": "4.2.17",
      "resolved": "https://registry.npmjs.org/svelte/-/svelte-4.2.17.tgz",
      "integrity": "sha512-N7m1YnoXtRf5wya5Gyx3TWuTddI4nAyayyIWFojiWV5IayDYNV5i2mRp/7qNGol4DtxEYxljmrbgp1HM6hUbmQ==",
      "peer": true,
      "dependencies": {
        "@ampproject/remapping": "^2.2.1",
        "@jridgewell/sourcemap-codec": "^1.4.15",
        "@jridgewell/trace-mapping": "^0.3.18",
        "@types/estree": "^1.0.1",
        "acorn": "^8.9.0",
        "aria-query": "^5.3.0",
        "axobject-query": "^4.0.0",
        "code-red": "^1.0.3",
        "css-tree": "^2.3.1",
        "estree-walker": "^3.0.3",
        "is-reference": "^3.0.1",
        "locate-character": "^3.0.0",
        "magic-string": "^0.30.4",
        "periscopic": "^3.1.0"
      },
      "engines": {
        "node": ">=16"
      }
    },
    "node_modules/svelte/node_modules/estree-walker": {
      "version": "3.0.3",
      "resolved": "https://registry.npmjs.org/estree-walker/-/estree-walker-3.0.3.tgz",
      "integrity": "sha512-7RUKfXgSMMkzt6ZuXmqapOurLGPPfgj6l9uRZ7lRGolvk0y2yocc35LdcxKC5PQZdn2DMqioAQ2NoWcrTKmm6g==",
      "peer": true,
      "dependencies": {
        "@types/estree": "^1.0.0"
      }
    },
    "node_modules/svelte2tsx": {
      "version": "0.7.9",
      "resolved": "https://registry.npmjs.org/svelte2tsx/-/svelte2tsx-0.7.9.tgz",
      "integrity": "sha512-Rm+0LAwg9wT4H2IsR8EaM9EWErTzi9LmuZKxkH5b1ua94XjQmwHstBP4VabLgA9AE6XmwBg+xK7Cjzwfm6ustQ==",
      "dependencies": {
        "dedent-js": "^1.0.1",
        "pascal-case": "^3.1.1"
      },
      "peerDependencies": {
        "svelte": "^3.55 || ^4.0.0-next.0 || ^4.0 || ^5.0.0-next.0",
        "typescript": "^4.9.4 || ^5.0.0"
      }
    },
    "node_modules/through": {
      "version": "2.3.8",
      "resolved": "https://registry.npmjs.org/through/-/through-2.3.8.tgz",
      "integrity": "sha512-w89qg7PI8wAdvX60bMDP+bFoD5Dvhm9oLheFp5O4a2QF0cSBGsBX4qZmadPMvVqlLJBBci+WqGGOAPvcDeNSVg=="
    },
    "node_modules/tr46": {
      "version": "0.0.3",
      "resolved": "https://registry.npmjs.org/tr46/-/tr46-0.0.3.tgz",
      "integrity": "sha512-N3WMsuqV66lT30CrXNbEjx4GEwlow3v6rr4mCcv6prnfwhS01rkgyFdjPNBYd9br7LpXV1+Emh01fHnq2Gdgrw=="
    },
    "node_modules/tslib": {
      "version": "2.6.2",
      "resolved": "https://registry.npmjs.org/tslib/-/tslib-2.6.2.tgz",
      "integrity": "sha512-AEYxH93jGFPn/a2iVAwW87VuUIkR1FVUKB77NwMF7nBTDkDrrT/Hpt/IrCJ0QXhW27jTBDcf5ZY7w6RiqTMw2Q=="
    },
    "node_modules/tweetnacl": {
      "version": "1.0.3",
      "resolved": "https://registry.npmjs.org/tweetnacl/-/tweetnacl-1.0.3.tgz",
      "integrity": "sha512-6rt+RN7aOi1nGMyC4Xa5DdYiukl2UWCbcJft7YhxReBGQD7OAM8Pbxw6YMo4r2diNEA8FEmu32YOn9rhaiE5yw=="
    },
    "node_modules/typescript": {
      "version": "5.4.5",
      "resolved": "https://registry.npmjs.org/typescript/-/typescript-5.4.5.tgz",
      "integrity": "sha512-vcI4UpRgg81oIRUFwR0WSIHKt11nJ7SAVlYNIu+QpqeyXP+gpQJy/Z4+F0aGxSE4MqwjyXvW/TzgkLAx2AGHwQ==",
      "peer": true,
      "bin": {
        "tsc": "bin/tsc",
        "tsserver": "bin/tsserver"
      },
      "engines": {
        "node": ">=14.17"
      }
    },
    "node_modules/utf-8-validate": {
      "version": "5.0.10",
      "resolved": "https://registry.npmjs.org/utf-8-validate/-/utf-8-validate-5.0.10.tgz",
      "integrity": "sha512-Z6czzLq4u8fPOyx7TU6X3dvUZVvoJmxSQ+IcrlmagKhilxlhZgxPK6C5Jqbkw1IDUmFTM+cz9QDnnLTwDz/2gQ==",
      "hasInstallScript": true,
      "optional": true,
      "dependencies": {
        "node-gyp-build": "^4.3.0"
      },
      "engines": {
        "node": ">=6.14.2"
      }
    },
    "node_modules/uuid": {
      "version": "8.3.2",
      "resolved": "https://registry.npmjs.org/uuid/-/uuid-8.3.2.tgz",
      "integrity": "sha512-+NYs2QeMWy+GWFOEm9xnn6HCDp0l7QBD7ml8zLUmJ+93Q5NF0NocErnwkTkXVFNiX3/fpC6afS8Dhb/gz7R7eg==",
      "bin": {
        "uuid": "dist/bin/uuid"
      }
    },
    "node_modules/valibot": {
      "version": "0.25.0",
      "resolved": "https://registry.npmjs.org/valibot/-/valibot-0.25.0.tgz",
      "integrity": "sha512-cmD0ca15oyAbT75iYLNW6uU6doAeIwYfOshpXka/E1Bx4frzbkrgb7gvkI7K0YK/DVOksei4FfxWfRoBP3NFTg=="
    },
    "node_modules/vue-template-compiler": {
      "version": "2.7.16",
      "resolved": "https://registry.npmjs.org/vue-template-compiler/-/vue-template-compiler-2.7.16.tgz",
      "integrity": "sha512-AYbUWAJHLGGQM7+cNTELw+KsOG9nl2CnSv467WobS5Cv9uk3wFcnr1Etsz2sEIHEZvw1U+o9mRlEO6QbZvUPGQ==",
      "dependencies": {
        "de-indent": "^1.0.2",
        "he": "^1.2.0"
      }
    },
    "node_modules/webidl-conversions": {
      "version": "3.0.1",
      "resolved": "https://registry.npmjs.org/webidl-conversions/-/webidl-conversions-3.0.1.tgz",
      "integrity": "sha512-2JAn3z8AR6rjK8Sm8orRC0h/bcl/DqL7tRPdGZ4I1CjdF+EaMLmYxBHyXuKL849eucPFhvBoxMsflfOb8kxaeQ=="
    },
    "node_modules/whatwg-url": {
      "version": "5.0.0",
      "resolved": "https://registry.npmjs.org/whatwg-url/-/whatwg-url-5.0.0.tgz",
      "integrity": "sha512-saE57nupxk6v3HY35+jzBwYa0rKSy0XR8JSxZPwgLr7ys0IBzhGviA1/TUGJLmSVqs8pb9AnvICXEuOHLprYTw==",
      "dependencies": {
        "tr46": "~0.0.3",
        "webidl-conversions": "^3.0.0"
      }
    },
    "node_modules/ws": {
      "version": "7.5.9",
      "resolved": "https://registry.npmjs.org/ws/-/ws-7.5.9.tgz",
      "integrity": "sha512-F+P9Jil7UiSKSkppIiD94dN07AwvFixvLIj1Og1Rl9GGMuNipJnV9JzjD6XuqmAeiswGvUmNLjr5cFuXwNS77Q==",
      "engines": {
        "node": ">=8.3.0"
      },
      "peerDependencies": {
        "bufferutil": "^4.0.1",
        "utf-8-validate": "^5.0.2"
      },
      "peerDependenciesMeta": {
        "bufferutil": {
          "optional": true
        },
        "utf-8-validate": {
          "optional": true
        }
      }
    }
  }
}
